// !$*UTF8*$!
{
	archiveVersion = 1;
	classes = {
	};
	objectVersion = 48;
	objects = {

/* Begin PBXBuildFile section */
		EE1FD15F21F2AE6200396729 /* AppDelegate.swift in Sources */ = {isa = PBXBuildFile; fileRef = EE1FD15E21F2AE6200396729 /* AppDelegate.swift */; };
		EE1FD16121F2AE6200396729 /* ViewController.swift in Sources */ = {isa = PBXBuildFile; fileRef = EE1FD16021F2AE6200396729 /* ViewController.swift */; };
		EE1FD16421F2AE6200396729 /* Main.storyboard in Resources */ = {isa = PBXBuildFile; fileRef = EE1FD16221F2AE6200396729 /* Main.storyboard */; };
		EE1FD16721F2AE6200396729 /* WatchNewFeeds.xcdatamodeld in Sources */ = {isa = PBXBuildFile; fileRef = EE1FD16521F2AE6200396729 /* WatchNewFeeds.xcdatamodeld */; };
		EE1FD16921F2AE6200396729 /* Assets.xcassets in Resources */ = {isa = PBXBuildFile; fileRef = EE1FD16821F2AE6200396729 /* Assets.xcassets */; };
		EE1FD16C21F2AE6200396729 /* LaunchScreen.storyboard in Resources */ = {isa = PBXBuildFile; fileRef = EE1FD16A21F2AE6200396729 /* LaunchScreen.storyboard */; };
		EE20F9772220343E0006225D /* EpisodeFetchOperation.swift in Sources */ = {isa = PBXBuildFile; fileRef = EE20F9762220343E0006225D /* EpisodeFetchOperation.swift */; };
		EE20F979222034560006225D /* FeedPullOperation.swift in Sources */ = {isa = PBXBuildFile; fileRef = EE20F978222034560006225D /* FeedPullOperation.swift */; };
		EE20F97F2220F00F0006225D /* FeedKit.framework in Embed Frameworks */ = {isa = PBXBuildFile; fileRef = EE87753A221D945A0071025D /* FeedKit.framework */; settings = {ATTRIBUTES = (CodeSignOnCopy, RemoveHeadersOnCopy, ); }; };
		EE20F9B1222D657F0006225D /* NSManagedObjectsDictionaryInitTests.swift in Sources */ = {isa = PBXBuildFile; fileRef = EE20F9B0222D657F0006225D /* NSManagedObjectsDictionaryInitTests.swift */; };
		EE63987C21F2F49500846F5C /* CoreDataStack.swift in Sources */ = {isa = PBXBuildFile; fileRef = EE63987B21F2F49500846F5C /* CoreDataStack.swift */; };
		EE877532221D923D0071025D /* EpisodePuller.swift in Sources */ = {isa = PBXBuildFile; fileRef = EE87752F221D923D0071025D /* EpisodePuller.swift */; };
		EE877533221D923D0071025D /* SyncManager.swift in Sources */ = {isa = PBXBuildFile; fileRef = EE877530221D923D0071025D /* SyncManager.swift */; };
		EE877534221D923D0071025D /* EpisodeComparator.swift in Sources */ = {isa = PBXBuildFile; fileRef = EE877531221D923D0071025D /* EpisodeComparator.swift */; };
		EE877538221D927B0071025D /* SyncManagerTests.swift in Sources */ = {isa = PBXBuildFile; fileRef = EE877537221D927B0071025D /* SyncManagerTests.swift */; };
		EE87753B221D945A0071025D /* FeedKit.framework in Frameworks */ = {isa = PBXBuildFile; fileRef = EE87753A221D945A0071025D /* FeedKit.framework */; };
		EE91EB6D21F365E800E12191 /* CoreDataStackTests.swift in Sources */ = {isa = PBXBuildFile; fileRef = EE91EB6C21F365E800E12191 /* CoreDataStackTests.swift */; };
		EEB7EBB521F40D4300D307CF /* Episode+CoreDataClass.swift in Sources */ = {isa = PBXBuildFile; fileRef = EEB7EBB121F40D4300D307CF /* Episode+CoreDataClass.swift */; };
		EEB7EBB621F40D4300D307CF /* Episode+CoreDataProperties.swift in Sources */ = {isa = PBXBuildFile; fileRef = EEB7EBB221F40D4300D307CF /* Episode+CoreDataProperties.swift */; };
		EEB7EBB721F40D4300D307CF /* Show+CoreDataClass.swift in Sources */ = {isa = PBXBuildFile; fileRef = EEB7EBB321F40D4300D307CF /* Show+CoreDataClass.swift */; };
		EEB7EBB821F40D4300D307CF /* Show+CoreDataProperties.swift in Sources */ = {isa = PBXBuildFile; fileRef = EEB7EBB421F40D4300D307CF /* Show+CoreDataProperties.swift */; };
/* End PBXBuildFile section */

/* Begin PBXContainerItemProxy section */
		EE91EB6F21F365E800E12191 /* PBXContainerItemProxy */ = {
			isa = PBXContainerItemProxy;
			containerPortal = EE1FD15321F2AE6100396729 /* Project object */;
			proxyType = 1;
			remoteGlobalIDString = EE1FD15A21F2AE6200396729;
			remoteInfo = WatchNewFeeds;
		};
/* End PBXContainerItemProxy section */

/* Begin PBXCopyFilesBuildPhase section */
		EE20F9802220F00F0006225D /* Embed Frameworks */ = {
			isa = PBXCopyFilesBuildPhase;
			buildActionMask = 2147483647;
			dstPath = "";
			dstSubfolderSpec = 10;
			files = (
				EE20F97F2220F00F0006225D /* FeedKit.framework in Embed Frameworks */,
			);
			name = "Embed Frameworks";
			runOnlyForDeploymentPostprocessing = 0;
		};
/* End PBXCopyFilesBuildPhase section */

/* Begin PBXFileReference section */
		EE1FD15B21F2AE6200396729 /* WatchNewFeeds.app */ = {isa = PBXFileReference; explicitFileType = wrapper.application; includeInIndex = 0; path = WatchNewFeeds.app; sourceTree = BUILT_PRODUCTS_DIR; };
		EE1FD15E21F2AE6200396729 /* AppDelegate.swift */ = {isa = PBXFileReference; lastKnownFileType = sourcecode.swift; path = AppDelegate.swift; sourceTree = "<group>"; };
		EE1FD16021F2AE6200396729 /* ViewController.swift */ = {isa = PBXFileReference; lastKnownFileType = sourcecode.swift; path = ViewController.swift; sourceTree = "<group>"; };
		EE1FD16321F2AE6200396729 /* Base */ = {isa = PBXFileReference; lastKnownFileType = file.storyboard; name = Base; path = Base.lproj/Main.storyboard; sourceTree = "<group>"; };
		EE1FD16621F2AE6200396729 /* WatchNewFeeds.xcdatamodel */ = {isa = PBXFileReference; lastKnownFileType = wrapper.xcdatamodel; path = WatchNewFeeds.xcdatamodel; sourceTree = "<group>"; };
		EE1FD16821F2AE6200396729 /* Assets.xcassets */ = {isa = PBXFileReference; lastKnownFileType = folder.assetcatalog; path = Assets.xcassets; sourceTree = "<group>"; };
		EE1FD16B21F2AE6200396729 /* Base */ = {isa = PBXFileReference; lastKnownFileType = file.storyboard; name = Base; path = Base.lproj/LaunchScreen.storyboard; sourceTree = "<group>"; };
		EE1FD16D21F2AE6200396729 /* Info.plist */ = {isa = PBXFileReference; lastKnownFileType = text.plist.xml; path = Info.plist; sourceTree = "<group>"; };
		EE20F9762220343E0006225D /* EpisodeFetchOperation.swift */ = {isa = PBXFileReference; lastKnownFileType = sourcecode.swift; path = EpisodeFetchOperation.swift; sourceTree = "<group>"; };
		EE20F978222034560006225D /* FeedPullOperation.swift */ = {isa = PBXFileReference; lastKnownFileType = sourcecode.swift; path = FeedPullOperation.swift; sourceTree = "<group>"; };
		EE20F9B0222D657F0006225D /* NSManagedObjectsDictionaryInitTests.swift */ = {isa = PBXFileReference; lastKnownFileType = sourcecode.swift; path = NSManagedObjectsDictionaryInitTests.swift; sourceTree = "<group>"; };
		EE63987B21F2F49500846F5C /* CoreDataStack.swift */ = {isa = PBXFileReference; lastKnownFileType = sourcecode.swift; path = CoreDataStack.swift; sourceTree = "<group>"; };
		EE87752F221D923D0071025D /* EpisodePuller.swift */ = {isa = PBXFileReference; fileEncoding = 4; lastKnownFileType = sourcecode.swift; name = EpisodePuller.swift; path = "WatchNewFeeds/New Group1/EpisodePuller.swift"; sourceTree = SOURCE_ROOT; };
		EE877530221D923D0071025D /* SyncManager.swift */ = {isa = PBXFileReference; fileEncoding = 4; lastKnownFileType = sourcecode.swift; name = SyncManager.swift; path = "WatchNewFeeds/New Group1/SyncManager.swift"; sourceTree = SOURCE_ROOT; };
		EE877531221D923D0071025D /* EpisodeComparator.swift */ = {isa = PBXFileReference; fileEncoding = 4; lastKnownFileType = sourcecode.swift; name = EpisodeComparator.swift; path = "WatchNewFeeds/New Group1/EpisodeComparator.swift"; sourceTree = SOURCE_ROOT; };
		EE877537221D927B0071025D /* SyncManagerTests.swift */ = {isa = PBXFileReference; fileEncoding = 4; lastKnownFileType = sourcecode.swift; path = SyncManagerTests.swift; sourceTree = "<group>"; };
		EE87753A221D945A0071025D /* FeedKit.framework */ = {isa = PBXFileReference; lastKnownFileType = wrapper.framework; name = FeedKit.framework; path = Carthage/Build/iOS/FeedKit.framework; sourceTree = "<group>"; };
		EE91EB6A21F365E800E12191 /* WatchNewFeedsTests.xctest */ = {isa = PBXFileReference; explicitFileType = wrapper.cfbundle; includeInIndex = 0; path = WatchNewFeedsTests.xctest; sourceTree = BUILT_PRODUCTS_DIR; };
		EE91EB6C21F365E800E12191 /* CoreDataStackTests.swift */ = {isa = PBXFileReference; lastKnownFileType = sourcecode.swift; path = CoreDataStackTests.swift; sourceTree = "<group>"; };
		EE91EB6E21F365E800E12191 /* Info.plist */ = {isa = PBXFileReference; lastKnownFileType = text.plist.xml; path = Info.plist; sourceTree = "<group>"; };
		EEB7EBB121F40D4300D307CF /* Episode+CoreDataClass.swift */ = {isa = PBXFileReference; lastKnownFileType = sourcecode.swift; path = "Episode+CoreDataClass.swift"; sourceTree = "<group>"; };
		EEB7EBB221F40D4300D307CF /* Episode+CoreDataProperties.swift */ = {isa = PBXFileReference; lastKnownFileType = sourcecode.swift; path = "Episode+CoreDataProperties.swift"; sourceTree = "<group>"; };
		EEB7EBB321F40D4300D307CF /* Show+CoreDataClass.swift */ = {isa = PBXFileReference; lastKnownFileType = sourcecode.swift; path = "Show+CoreDataClass.swift"; sourceTree = "<group>"; };
		EEB7EBB421F40D4300D307CF /* Show+CoreDataProperties.swift */ = {isa = PBXFileReference; lastKnownFileType = sourcecode.swift; path = "Show+CoreDataProperties.swift"; sourceTree = "<group>"; };
/* End PBXFileReference section */

/* Begin PBXFrameworksBuildPhase section */
		EE1FD15821F2AE6200396729 /* Frameworks */ = {
			isa = PBXFrameworksBuildPhase;
			buildActionMask = 2147483647;
			files = (
				EE87753B221D945A0071025D /* FeedKit.framework in Frameworks */,
			);
			runOnlyForDeploymentPostprocessing = 0;
		};
		EE91EB6721F365E800E12191 /* Frameworks */ = {
			isa = PBXFrameworksBuildPhase;
			buildActionMask = 2147483647;
			files = (
			);
			runOnlyForDeploymentPostprocessing = 0;
		};
/* End PBXFrameworksBuildPhase section */

/* Begin PBXGroup section */
		EE1FD15221F2AE6100396729 = {
			isa = PBXGroup;
			children = (
				EEB7EBB121F40D4300D307CF /* Episode+CoreDataClass.swift */,
				EEB7EBB221F40D4300D307CF /* Episode+CoreDataProperties.swift */,
				EEB7EBB321F40D4300D307CF /* Show+CoreDataClass.swift */,
				EEB7EBB421F40D4300D307CF /* Show+CoreDataProperties.swift */,
				EE1FD15D21F2AE6200396729 /* WatchNewFeeds */,
				EE91EB6B21F365E800E12191 /* WatchNewFeedsTests */,
				EE1FD15C21F2AE6200396729 /* Products */,
				EE877539221D945A0071025D /* Frameworks */,
			);
			sourceTree = "<group>";
		};
		EE1FD15C21F2AE6200396729 /* Products */ = {
			isa = PBXGroup;
			children = (
				EE1FD15B21F2AE6200396729 /* WatchNewFeeds.app */,
				EE91EB6A21F365E800E12191 /* WatchNewFeedsTests.xctest */,
			);
			name = Products;
			sourceTree = "<group>";
		};
		EE1FD15D21F2AE6200396729 /* WatchNewFeeds */ = {
			isa = PBXGroup;
			children = (
				EE20F97C2220EEBD0006225D /* SyncManager */,
				EE1FD15E21F2AE6200396729 /* AppDelegate.swift */,
				EE63987B21F2F49500846F5C /* CoreDataStack.swift */,
				EE1FD16021F2AE6200396729 /* ViewController.swift */,
				EE1FD16221F2AE6200396729 /* Main.storyboard */,
				EE1FD16821F2AE6200396729 /* Assets.xcassets */,
				EE1FD16A21F2AE6200396729 /* LaunchScreen.storyboard */,
				EE1FD16D21F2AE6200396729 /* Info.plist */,
				EE1FD16521F2AE6200396729 /* WatchNewFeeds.xcdatamodeld */,
			);
			path = WatchNewFeeds;
			sourceTree = "<group>";
		};
		EE20F97C2220EEBD0006225D /* SyncManager */ = {
			isa = PBXGroup;
			children = (
				EE20F97D2220EF1C0006225D /* Operations */,
				EE877531221D923D0071025D /* EpisodeComparator.swift */,
				EE87752F221D923D0071025D /* EpisodePuller.swift */,
				EE877530221D923D0071025D /* SyncManager.swift */,
			);
			name = SyncManager;
			path = "New Group1";
			sourceTree = "<group>";
		};
		EE20F97D2220EF1C0006225D /* Operations */ = {
			isa = PBXGroup;
			children = (
				EE20F9762220343E0006225D /* EpisodeFetchOperation.swift */,
				EE20F978222034560006225D /* FeedPullOperation.swift */,
			);
			path = Operations;
			sourceTree = "<group>";
		};
		EE877539221D945A0071025D /* Frameworks */ = {
			isa = PBXGroup;
			children = (
				EE87753A221D945A0071025D /* FeedKit.framework */,
			);
			name = Frameworks;
			sourceTree = "<group>";
		};
		EE91EB6B21F365E800E12191 /* WatchNewFeedsTests */ = {
			isa = PBXGroup;
			children = (
				EE91EB6C21F365E800E12191 /* CoreDataStackTests.swift */,
				EE877537221D927B0071025D /* SyncManagerTests.swift */,
				EE20F9B0222D657F0006225D /* NSManagedObjectsDictionaryInitTests.swift */,
				EE91EB6E21F365E800E12191 /* Info.plist */,
			);
			path = WatchNewFeedsTests;
			sourceTree = "<group>";
		};
/* End PBXGroup section */

/* Begin PBXNativeTarget section */
		EE1FD15A21F2AE6200396729 /* WatchNewFeeds */ = {
			isa = PBXNativeTarget;
			buildConfigurationList = EE1FD17021F2AE6200396729 /* Build configuration list for PBXNativeTarget "WatchNewFeeds" */;
			buildPhases = (
				EE1FD15721F2AE6200396729 /* Sources */,
				EE1FD15821F2AE6200396729 /* Frameworks */,
				EE1FD15921F2AE6200396729 /* Resources */,
				EE20F9802220F00F0006225D /* Embed Frameworks */,
			);
			buildRules = (
			);
			dependencies = (
			);
			name = WatchNewFeeds;
			productName = WatchNewFeeds;
			productReference = EE1FD15B21F2AE6200396729 /* WatchNewFeeds.app */;
			productType = "com.apple.product-type.application";
		};
		EE91EB6921F365E800E12191 /* WatchNewFeedsTests */ = {
			isa = PBXNativeTarget;
			buildConfigurationList = EE91EB7121F365E800E12191 /* Build configuration list for PBXNativeTarget "WatchNewFeedsTests" */;
			buildPhases = (
				EE91EB6621F365E800E12191 /* Sources */,
				EE91EB6721F365E800E12191 /* Frameworks */,
				EE91EB6821F365E800E12191 /* Resources */,
			);
			buildRules = (
			);
			dependencies = (
				EE91EB7021F365E800E12191 /* PBXTargetDependency */,
			);
			name = WatchNewFeedsTests;
			productName = WatchNewFeedsTests;
			productReference = EE91EB6A21F365E800E12191 /* WatchNewFeedsTests.xctest */;
			productType = "com.apple.product-type.bundle.unit-test";
		};
/* End PBXNativeTarget section */

/* Begin PBXProject section */
		EE1FD15321F2AE6100396729 /* Project object */ = {
			isa = PBXProject;
			attributes = {
				LastSwiftUpdateCheck = 0910;
				LastUpgradeCheck = 0910;
				ORGANIZATIONNAME = SeoGiwon;
				TargetAttributes = {
					EE1FD15A21F2AE6200396729 = {
						CreatedOnToolsVersion = 9.1;
						ProvisioningStyle = Automatic;
					};
					EE91EB6921F365E800E12191 = {
						CreatedOnToolsVersion = 9.1;
						ProvisioningStyle = Automatic;
						TestTargetID = EE1FD15A21F2AE6200396729;
					};
				};
			};
			buildConfigurationList = EE1FD15621F2AE6100396729 /* Build configuration list for PBXProject "WatchNewFeeds" */;
			compatibilityVersion = "Xcode 8.0";
			developmentRegion = en;
			hasScannedForEncodings = 0;
			knownRegions = (
				en,
				Base,
			);
			mainGroup = EE1FD15221F2AE6100396729;
			productRefGroup = EE1FD15C21F2AE6200396729 /* Products */;
			projectDirPath = "";
			projectRoot = "";
			targets = (
				EE1FD15A21F2AE6200396729 /* WatchNewFeeds */,
				EE91EB6921F365E800E12191 /* WatchNewFeedsTests */,
			);
		};
/* End PBXProject section */

/* Begin PBXResourcesBuildPhase section */
		EE1FD15921F2AE6200396729 /* Resources */ = {
			isa = PBXResourcesBuildPhase;
			buildActionMask = 2147483647;
			files = (
				EE1FD16C21F2AE6200396729 /* LaunchScreen.storyboard in Resources */,
				EE1FD16921F2AE6200396729 /* Assets.xcassets in Resources */,
				EE1FD16421F2AE6200396729 /* Main.storyboard in Resources */,
			);
			runOnlyForDeploymentPostprocessing = 0;
		};
		EE91EB6821F365E800E12191 /* Resources */ = {
			isa = PBXResourcesBuildPhase;
			buildActionMask = 2147483647;
			files = (
			);
			runOnlyForDeploymentPostprocessing = 0;
		};
/* End PBXResourcesBuildPhase section */

/* Begin PBXSourcesBuildPhase section */
		EE1FD15721F2AE6200396729 /* Sources */ = {
			isa = PBXSourcesBuildPhase;
			buildActionMask = 2147483647;
			files = (
				EEB7EBB721F40D4300D307CF /* Show+CoreDataClass.swift in Sources */,
				EEB7EBB621F40D4300D307CF /* Episode+CoreDataProperties.swift in Sources */,
				EE1FD16121F2AE6200396729 /* ViewController.swift in Sources */,
				EE1FD16721F2AE6200396729 /* WatchNewFeeds.xcdatamodeld in Sources */,
				EEB7EBB821F40D4300D307CF /* Show+CoreDataProperties.swift in Sources */,
				EE877534221D923D0071025D /* EpisodeComparator.swift in Sources */,
				EE20F9772220343E0006225D /* EpisodeFetchOperation.swift in Sources */,
				EE20F979222034560006225D /* FeedPullOperation.swift in Sources */,
				EE1FD15F21F2AE6200396729 /* AppDelegate.swift in Sources */,
				EE877533221D923D0071025D /* SyncManager.swift in Sources */,
				EE877532221D923D0071025D /* EpisodePuller.swift in Sources */,
				EE63987C21F2F49500846F5C /* CoreDataStack.swift in Sources */,
				EEB7EBB521F40D4300D307CF /* Episode+CoreDataClass.swift in Sources */,
			);
			runOnlyForDeploymentPostprocessing = 0;
		};
		EE91EB6621F365E800E12191 /* Sources */ = {
			isa = PBXSourcesBuildPhase;
			buildActionMask = 2147483647;
			files = (
				EE877538221D927B0071025D /* SyncManagerTests.swift in Sources */,
				EE20F9B1222D657F0006225D /* NSManagedObjectsDictionaryInitTests.swift in Sources */,
				EE91EB6D21F365E800E12191 /* CoreDataStackTests.swift in Sources */,
			);
			runOnlyForDeploymentPostprocessing = 0;
		};
/* End PBXSourcesBuildPhase section */

/* Begin PBXTargetDependency section */
		EE91EB7021F365E800E12191 /* PBXTargetDependency */ = {
			isa = PBXTargetDependency;
			target = EE1FD15A21F2AE6200396729 /* WatchNewFeeds */;
			targetProxy = EE91EB6F21F365E800E12191 /* PBXContainerItemProxy */;
		};
/* End PBXTargetDependency section */

/* Begin PBXVariantGroup section */
		EE1FD16221F2AE6200396729 /* Main.storyboard */ = {
			isa = PBXVariantGroup;
			children = (
				EE1FD16321F2AE6200396729 /* Base */,
			);
			name = Main.storyboard;
			sourceTree = "<group>";
		};
		EE1FD16A21F2AE6200396729 /* LaunchScreen.storyboard */ = {
			isa = PBXVariantGroup;
			children = (
				EE1FD16B21F2AE6200396729 /* Base */,
			);
			name = LaunchScreen.storyboard;
			sourceTree = "<group>";
		};
/* End PBXVariantGroup section */

/* Begin XCBuildConfiguration section */
		EE1FD16E21F2AE6200396729 /* Debug */ = {
			isa = XCBuildConfiguration;
			buildSettings = {
				ALWAYS_SEARCH_USER_PATHS = NO;
				CLANG_ANALYZER_NONNULL = YES;
				CLANG_ANALYZER_NUMBER_OBJECT_CONVERSION = YES_AGGRESSIVE;
				CLANG_CXX_LANGUAGE_STANDARD = "gnu++14";
				CLANG_CXX_LIBRARY = "libc++";
				CLANG_ENABLE_MODULES = YES;
				CLANG_ENABLE_OBJC_ARC = YES;
				CLANG_WARN_BLOCK_CAPTURE_AUTORELEASING = YES;
				CLANG_WARN_BOOL_CONVERSION = YES;
				CLANG_WARN_COMMA = YES;
				CLANG_WARN_CONSTANT_CONVERSION = YES;
				CLANG_WARN_DIRECT_OBJC_ISA_USAGE = YES_ERROR;
				CLANG_WARN_DOCUMENTATION_COMMENTS = YES;
				CLANG_WARN_EMPTY_BODY = YES;
				CLANG_WARN_ENUM_CONVERSION = YES;
				CLANG_WARN_INFINITE_RECURSION = YES;
				CLANG_WARN_INT_CONVERSION = YES;
				CLANG_WARN_NON_LITERAL_NULL_CONVERSION = YES;
				CLANG_WARN_OBJC_LITERAL_CONVERSION = YES;
				CLANG_WARN_OBJC_ROOT_CLASS = YES_ERROR;
				CLANG_WARN_RANGE_LOOP_ANALYSIS = YES;
				CLANG_WARN_STRICT_PROTOTYPES = YES;
				CLANG_WARN_SUSPICIOUS_MOVE = YES;
				CLANG_WARN_UNGUARDED_AVAILABILITY = YES_AGGRESSIVE;
				CLANG_WARN_UNREACHABLE_CODE = YES;
				CLANG_WARN__DUPLICATE_METHOD_MATCH = YES;
				CODE_SIGN_IDENTITY = "iPhone Developer";
				COPY_PHASE_STRIP = NO;
				DEBUG_INFORMATION_FORMAT = dwarf;
				ENABLE_STRICT_OBJC_MSGSEND = YES;
				ENABLE_TESTABILITY = YES;
				GCC_C_LANGUAGE_STANDARD = gnu11;
				GCC_DYNAMIC_NO_PIC = NO;
				GCC_NO_COMMON_BLOCKS = YES;
				GCC_OPTIMIZATION_LEVEL = 0;
				GCC_PREPROCESSOR_DEFINITIONS = (
					"DEBUG=1",
					"$(inherited)",
				);
				GCC_WARN_64_TO_32_BIT_CONVERSION = YES;
				GCC_WARN_ABOUT_RETURN_TYPE = YES_ERROR;
				GCC_WARN_UNDECLARED_SELECTOR = YES;
				GCC_WARN_UNINITIALIZED_AUTOS = YES_AGGRESSIVE;
				GCC_WARN_UNUSED_FUNCTION = YES;
				GCC_WARN_UNUSED_VARIABLE = YES;
				IPHONEOS_DEPLOYMENT_TARGET = 11.1;
				MTL_ENABLE_DEBUG_INFO = YES;
				ONLY_ACTIVE_ARCH = YES;
				SDKROOT = iphoneos;
				SWIFT_ACTIVE_COMPILATION_CONDITIONS = DEBUG;
				SWIFT_OPTIMIZATION_LEVEL = "-Onone";
			};
			name = Debug;
		};
		EE1FD16F21F2AE6200396729 /* Release */ = {
			isa = XCBuildConfiguration;
			buildSettings = {
				ALWAYS_SEARCH_USER_PATHS = NO;
				CLANG_ANALYZER_NONNULL = YES;
				CLANG_ANALYZER_NUMBER_OBJECT_CONVERSION = YES_AGGRESSIVE;
				CLANG_CXX_LANGUAGE_STANDARD = "gnu++14";
				CLANG_CXX_LIBRARY = "libc++";
				CLANG_ENABLE_MODULES = YES;
				CLANG_ENABLE_OBJC_ARC = YES;
				CLANG_WARN_BLOCK_CAPTURE_AUTORELEASING = YES;
				CLANG_WARN_BOOL_CONVERSION = YES;
				CLANG_WARN_COMMA = YES;
				CLANG_WARN_CONSTANT_CONVERSION = YES;
				CLANG_WARN_DIRECT_OBJC_ISA_USAGE = YES_ERROR;
				CLANG_WARN_DOCUMENTATION_COMMENTS = YES;
				CLANG_WARN_EMPTY_BODY = YES;
				CLANG_WARN_ENUM_CONVERSION = YES;
				CLANG_WARN_INFINITE_RECURSION = YES;
				CLANG_WARN_INT_CONVERSION = YES;
				CLANG_WARN_NON_LITERAL_NULL_CONVERSION = YES;
				CLANG_WARN_OBJC_LITERAL_CONVERSION = YES;
				CLANG_WARN_OBJC_ROOT_CLASS = YES_ERROR;
				CLANG_WARN_RANGE_LOOP_ANALYSIS = YES;
				CLANG_WARN_STRICT_PROTOTYPES = YES;
				CLANG_WARN_SUSPICIOUS_MOVE = YES;
				CLANG_WARN_UNGUARDED_AVAILABILITY = YES_AGGRESSIVE;
				CLANG_WARN_UNREACHABLE_CODE = YES;
				CLANG_WARN__DUPLICATE_METHOD_MATCH = YES;
				CODE_SIGN_IDENTITY = "iPhone Developer";
				COPY_PHASE_STRIP = NO;
				DEBUG_INFORMATION_FORMAT = "dwarf-with-dsym";
				ENABLE_NS_ASSERTIONS = NO;
				ENABLE_STRICT_OBJC_MSGSEND = YES;
				GCC_C_LANGUAGE_STANDARD = gnu11;
				GCC_NO_COMMON_BLOCKS = YES;
				GCC_WARN_64_TO_32_BIT_CONVERSION = YES;
				GCC_WARN_ABOUT_RETURN_TYPE = YES_ERROR;
				GCC_WARN_UNDECLARED_SELECTOR = YES;
				GCC_WARN_UNINITIALIZED_AUTOS = YES_AGGRESSIVE;
				GCC_WARN_UNUSED_FUNCTION = YES;
				GCC_WARN_UNUSED_VARIABLE = YES;
				IPHONEOS_DEPLOYMENT_TARGET = 11.1;
				MTL_ENABLE_DEBUG_INFO = NO;
				SDKROOT = iphoneos;
				SWIFT_OPTIMIZATION_LEVEL = "-Owholemodule";
				VALIDATE_PRODUCT = YES;
			};
			name = Release;
		};
		EE1FD17121F2AE6200396729 /* Debug */ = {
			isa = XCBuildConfiguration;
			buildSettings = {
				ASSETCATALOG_COMPILER_APPICON_NAME = AppIcon;
				CODE_SIGN_STYLE = Automatic;
				DEVELOPMENT_TEAM = 8LSJUN2G6D;
				FRAMEWORK_SEARCH_PATHS = (
					"$(inherited)",
					"$(PROJECT_DIR)/Carthage/Build/iOS",
				);
				INFOPLIST_FILE = WatchNewFeeds/Info.plist;
				IPHONEOS_DEPLOYMENT_TARGET = 11.1;
				LD_RUNPATH_SEARCH_PATHS = "$(inherited) @executable_path/Frameworks";
				PRODUCT_BUNDLE_IDENTIFIER = softv.WatchNewFeeds;
				PRODUCT_NAME = "$(TARGET_NAME)";
				SWIFT_VERSION = 4.0;
				TARGETED_DEVICE_FAMILY = "1,2";
			};
			name = Debug;
		};
		EE1FD17221F2AE6200396729 /* Release */ = {
			isa = XCBuildConfiguration;
			buildSettings = {
				ASSETCATALOG_COMPILER_APPICON_NAME = AppIcon;
				CODE_SIGN_STYLE = Automatic;
				DEVELOPMENT_TEAM = 8LSJUN2G6D;
				FRAMEWORK_SEARCH_PATHS = (
					"$(inherited)",
					"$(PROJECT_DIR)/Carthage/Build/iOS",
				);
				INFOPLIST_FILE = WatchNewFeeds/Info.plist;
				IPHONEOS_DEPLOYMENT_TARGET = 11.1;
				LD_RUNPATH_SEARCH_PATHS = "$(inherited) @executable_path/Frameworks";
				PRODUCT_BUNDLE_IDENTIFIER = softv.WatchNewFeeds;
				PRODUCT_NAME = "$(TARGET_NAME)";
				SWIFT_VERSION = 4.0;
				TARGETED_DEVICE_FAMILY = "1,2";
			};
			name = Release;
		};
		EE91EB7221F365E800E12191 /* Debug */ = {
			isa = XCBuildConfiguration;
			buildSettings = {
				BUNDLE_LOADER = "$(TEST_HOST)";
				CODE_SIGN_STYLE = Automatic;
				DEVELOPMENT_TEAM = 8LSJUN2G6D;
				INFOPLIST_FILE = WatchNewFeedsTests/Info.plist;
				LD_RUNPATH_SEARCH_PATHS = "$(inherited) @executable_path/Frameworks @loader_path/Frameworks";
				PRODUCT_BUNDLE_IDENTIFIER = softv.WatchNewFeedsTests;
				PRODUCT_NAME = "$(TARGET_NAME)";
				SWIFT_VERSION = 4.0;
				TARGETED_DEVICE_FAMILY = "1,2";
				TEST_HOST = "$(BUILT_PRODUCTS_DIR)/WatchNewFeeds.app/WatchNewFeeds";
			};
			name = Debug;
		};
		EE91EB7321F365E800E12191 /* Release */ = {
			isa = XCBuildConfiguration;
			buildSettings = {
				BUNDLE_LOADER = "$(TEST_HOST)";
				CODE_SIGN_STYLE = Automatic;
				DEVELOPMENT_TEAM = 8LSJUN2G6D;
				INFOPLIST_FILE = WatchNewFeedsTests/Info.plist;
				LD_RUNPATH_SEARCH_PATHS = "$(inherited) @executable_path/Frameworks @loader_path/Frameworks";
				PRODUCT_BUNDLE_IDENTIFIER = softv.WatchNewFeedsTests;
				PRODUCT_NAME = "$(TARGET_NAME)";
				SWIFT_VERSION = 4.0;
				TARGETED_DEVICE_FAMILY = "1,2";
				TEST_HOST = "$(BUILT_PRODUCTS_DIR)/WatchNewFeeds.app/WatchNewFeeds";
			};
			name = Release;
		};
/* End XCBuildConfiguration section */

/* Begin XCConfigurationList section */
		EE1FD15621F2AE6100396729 /* Build configuration list for PBXProject "WatchNewFeeds" */ = {
			isa = XCConfigurationList;
			buildConfigurations = (
				EE1FD16E21F2AE6200396729 /* Debug */,
				EE1FD16F21F2AE6200396729 /* Release */,
			);
			defaultConfigurationIsVisible = 0;
			defaultConfigurationName = Release;
		};
		EE1FD17021F2AE6200396729 /* Build configuration list for PBXNativeTarget "WatchNewFeeds" */ = {
			isa = XCConfigurationList;
			buildConfigurations = (
				EE1FD17121F2AE6200396729 /* Debug */,
				EE1FD17221F2AE6200396729 /* Release */,
			);
			defaultConfigurationIsVisible = 0;
			defaultConfigurationName = Release;
		};
		EE91EB7121F365E800E12191 /* Build configuration list for PBXNativeTarget "WatchNewFeedsTests" */ = {
			isa = XCConfigurationList;
			buildConfigurations = (
				EE91EB7221F365E800E12191 /* Debug */,
				EE91EB7321F365E800E12191 /* Release */,
			);
			defaultConfigurationIsVisible = 0;
			defaultConfigurationName = Release;
		};
/* End XCConfigurationList section */

/* Begin XCVersionGroup section */
		EE1FD16521F2AE6200396729 /* WatchNewFeeds.xcdatamodeld */ = {
			isa = XCVersionGroup;
			children = (
				EE1FD16621F2AE6200396729 /* WatchNewFeeds.xcdatamodel */,
			);
			currentVersion = EE1FD16621F2AE6200396729 /* WatchNewFeeds.xcdatamodel */;
			path = WatchNewFeeds.xcdatamodeld;
			sourceTree = "<group>";
			versionGroupType = wrapper.xcdatamodel;
		};
/* End XCVersionGroup section */
	};
	rootObject = EE1FD15321F2AE6100396729 /* Project object */;
}
