// !$*UTF8*$!
{
	archiveVersion = 1;
	classes = {
	};
	objectVersion = 48;
	objects = {

/* Begin PBXBuildFile section */
		EE1FD15F21F2AE6200396729 /* AppDelegate.swift in Sources */ = {isa = PBXBuildFile; fileRef = EE1FD15E21F2AE6200396729 /* AppDelegate.swift */; };
		EE1FD16121F2AE6200396729 /* ViewController.swift in Sources */ = {isa = PBXBuildFile; fileRef = EE1FD16021F2AE6200396729 /* ViewController.swift */; };
		EE1FD16421F2AE6200396729 /* Main.storyboard in Resources */ = {isa = PBXBuildFile; fileRef = EE1FD16221F2AE6200396729 /* Main.storyboard */; };
		EE1FD16721F2AE6200396729 /* WatchNewFeeds.xcdatamodeld in Sources */ = {isa = PBXBuildFile; fileRef = EE1FD16521F2AE6200396729 /* WatchNewFeeds.xcdatamodeld */; };
		EE1FD16921F2AE6200396729 /* Assets.xcassets in Resources */ = {isa = PBXBuildFile; fileRef = EE1FD16821F2AE6200396729 /* Assets.xcassets */; };
		EE1FD16C21F2AE6200396729 /* LaunchScreen.storyboard in Resources */ = {isa = PBXBuildFile; fileRef = EE1FD16A21F2AE6200396729 /* LaunchScreen.storyboard */; };
/* End PBXBuildFile section */

/* Begin PBXFileReference section */
		EE1FD15B21F2AE6200396729 /* WatchNewFeeds.app */ = {isa = PBXFileReference; explicitFileType = wrapper.application; includeInIndex = 0; path = WatchNewFeeds.app; sourceTree = BUILT_PRODUCTS_DIR; };
		EE1FD15E21F2AE6200396729 /* AppDelegate.swift */ = {isa = PBXFileReference; lastKnownFileType = sourcecode.swift; path = AppDelegate.swift; sourceTree = "<group>"; };
		EE1FD16021F2AE6200396729 /* ViewController.swift */ = {isa = PBXFileReference; lastKnownFileType = sourcecode.swift; path = ViewController.swift; sourceTree = "<group>"; };
		EE1FD16321F2AE6200396729 /* Base */ = {isa = PBXFileReference; lastKnownFileType = file.storyboard; name = Base; path = Base.lproj/Main.storyboard; sourceTree = "<group>"; };
		EE1FD16621F2AE6200396729 /* WatchNewFeeds.xcdatamodel */ = {isa = PBXFileReference; lastKnownFileType = wrapper.xcdatamodel; path = WatchNewFeeds.xcdatamodel; sourceTree = "<group>"; };
		EE1FD16821F2AE6200396729 /* Assets.xcassets */ = {isa = PBXFileReference; lastKnownFileType = folder.assetcatalog; path = Assets.xcassets; sourceTree = "<group>"; };
		EE1FD16B21F2AE6200396729 /* Base */ = {isa = PBXFileReference; lastKnownFileType = file.storyboard; name = Base; path = Base.lproj/LaunchScreen.storyboard; sourceTree = "<group>"; };
		EE1FD16D21F2AE6200396729 /* Info.plist */ = {isa = PBXFileReference; lastKnownFileType = text.plist.xml; path = Info.plist; sourceTree = "<group>"; };
/* End PBXFileReference section */

/* Begin PBXFrameworksBuildPhase section */
		EE1FD15821F2AE6200396729 /* Frameworks */ = {
			isa = PBXFrameworksBuildPhase;
			buildActionMask = 2147483647;
			files = (
			);
			runOnlyForDeploymentPostprocessing = 0;
		};
/* End PBXFrameworksBuildPhase section */

/* Begin PBXGroup section */
		EE1FD15221F2AE6100396729 = {
			isa = PBXGroup;
			children = (
				EE1FD15D21F2AE6200396729 /* WatchNewFeeds */,
				EE1FD15C21F2AE6200396729 /* Products */,
			);
			sourceTree = "<group>";
		};
		EE1FD15C21F2AE6200396729 /* Products */ = {
			isa = PBXGroup;
			children = (
				EE1FD15B21F2AE6200396729 /* WatchNewFeeds.app */,
			);
			name = Products;
			sourceTree = "<group>";
		};
		EE1FD15D21F2AE6200396729 /* WatchNewFeeds */ = {
			isa = PBXGroup;
			children = (
				EE1FD15E21F2AE6200396729 /* AppDelegate.swift */,
				EE1FD16021F2AE6200396729 /* ViewController.swift */,
				EE1FD16221F2AE6200396729 /* Main.storyboard */,
				EE1FD16821F2AE6200396729 /* Assets.xcassets */,
				EE1FD16A21F2AE6200396729 /* LaunchScreen.storyboard */,
				EE1FD16D21F2AE6200396729 /* Info.plist */,
				EE1FD16521F2AE6200396729 /* WatchNewFeeds.xcdatamodeld */,
			);
			path = WatchNewFeeds;
			sourceTree = "<group>";
		};
/* End PBXGroup section */

/* Begin PBXNativeTarget section */
		EE1FD15A21F2AE6200396729 /* WatchNewFeeds */ = {
			isa = PBXNativeTarget;
			buildConfigurationList = EE1FD17021F2AE6200396729 /* Build configuration list for PBXNativeTarget "WatchNewFeeds" */;
			buildPhases = (
				EE1FD15721F2AE6200396729 /* Sources */,
				EE1FD15821F2AE6200396729 /* Frameworks */,
				EE1FD15921F2AE6200396729 /* Resources */,
			);
			buildRules = (
			);
			dependencies = (
			);
			name = WatchNewFeeds;
			productName = WatchNewFeeds;
			productReference = EE1FD15B21F2AE6200396729 /* WatchNewFeeds.app */;
			productType = "com.apple.product-type.application";
		};
/* End PBXNativeTarget section */

/* Begin PBXProject section */
		EE1FD15321F2AE6100396729 /* Project object */ = {
			isa = PBXProject;
			attributes = {
				LastSwiftUpdateCheck = 0910;
				LastUpgradeCheck = 0910;
				ORGANIZATIONNAME = SeoGiwon;
				TargetAttributes = {
					EE1FD15A21F2AE6200396729 = {
						CreatedOnToolsVersion = 9.1;
						ProvisioningStyle = Automatic;
					};
				};
			};
			buildConfigurationList = EE1FD15621F2AE6100396729 /* Build configuration list for PBXProject "WatchNewFeeds" */;
			compatibilityVersion = "Xcode 8.0";
			developmentRegion = en;
			hasScannedForEncodings = 0;
			knownRegions = (
				en,
				Base,
			);
			mainGroup = EE1FD15221F2AE6100396729;
			productRefGroup = EE1FD15C21F2AE6200396729 /* Products */;
			projectDirPath = "";
			projectRoot = "";
			targets = (
				EE1FD15A21F2AE6200396729 /* WatchNewFeeds */,
			);
		};
/* End PBXProject section */

/* Begin PBXResourcesBuildPhase section */
		EE1FD15921F2AE6200396729 /* Resources */ = {
			isa = PBXResourcesBuildPhase;
			buildActionMask = 2147483647;
			files = (
				EE1FD16C21F2AE6200396729 /* LaunchScreen.storyboard in Resources */,
				EE1FD16921F2AE6200396729 /* Assets.xcassets in Resources */,
				EE1FD16421F2AE6200396729 /* Main.storyboard in Resources */,
			);
			runOnlyForDeploymentPostprocessing = 0;
		};
/* End PBXResourcesBuildPhase section */

/* Begin PBXSourcesBuildPhase section */
		EE1FD15721F2AE6200396729 /* Sources */ = {
			isa = PBXSourcesBuildPhase;
			buildActionMask = 2147483647;
			files = (
				EE1FD16121F2AE6200396729 /* ViewController.swift in Sources */,
				EE1FD16721F2AE6200396729 /* WatchNewFeeds.xcdatamodeld in Sources */,
				EE1FD15F21F2AE6200396729 /* AppDelegate.swift in Sources */,
			);
			runOnlyForDeploymentPostprocessing = 0;
		};
/* End PBXSourcesBuildPhase section */

/* Begin PBXVariantGroup section */
		EE1FD16221F2AE6200396729 /* Main.storyboard */ = {
			isa = PBXVariantGroup;
			children = (
				EE1FD16321F2AE6200396729 /* Base */,
			);
			name = Main.storyboard;
			sourceTree = "<group>";
		};
		EE1FD16A21F2AE6200396729 /* LaunchScreen.storyboard */ = {
			isa = PBXVariantGroup;
			children = (
				EE1FD16B21F2AE6200396729 /* Base */,
			);
			name = LaunchScreen.storyboard;
			sourceTree = "<group>";
		};
/* End PBXVariantGroup section */

/* Begin XCBuildConfiguration section */
		EE1FD16E21F2AE6200396729 /* Debug */ = {
			isa = XCBuildConfiguration;
			buildSettings = {
				ALWAYS_SEARCH_USER_PATHS = NO;
				CLANG_ANALYZER_NONNULL = YES;
				CLANG_ANALYZER_NUMBER_OBJECT_CONVERSION = YES_AGGRESSIVE;
				CLANG_CXX_LANGUAGE_STANDARD = "gnu++14";
				CLANG_CXX_LIBRARY = "libc++";
				CLANG_ENABLE_MODULES = YES;
				CLANG_ENABLE_OBJC_ARC = YES;
				CLANG_WARN_BLOCK_CAPTURE_AUTORELEASING = YES;
				CLANG_WARN_BOOL_CONVERSION = YES;
				CLANG_WARN_COMMA = YES;
				CLANG_WARN_CONSTANT_CONVERSION = YES;
				CLANG_WARN_DIRECT_OBJC_ISA_USAGE = YES_ERROR;
				CLANG_WARN_DOCUMENTATION_COMMENTS = YES;
				CLANG_WARN_EMPTY_BODY = YES;
				CLANG_WARN_ENUM_CONVERSION = YES;
				CLANG_WARN_INFINITE_RECURSION = YES;
				CLANG_WARN_INT_CONVERSION = YES;
				CLANG_WARN_NON_LITERAL_NULL_CONVERSION = YES;
				CLANG_WARN_OBJC_LITERAL_CONVERSION = YES;
				CLANG_WARN_OBJC_ROOT_CLASS = YES_ERROR;
				CLANG_WARN_RANGE_LOOP_ANALYSIS = YES;
				CLANG_WARN_STRICT_PROTOTYPES = YES;
				CLANG_WARN_SUSPICIOUS_MOVE = YES;
				CLANG_WARN_UNGUARDED_AVAILABILITY = YES_AGGRESSIVE;
				CLANG_WARN_UNREACHABLE_CODE = YES;
				CLANG_WARN__DUPLICATE_METHOD_MATCH = YES;
				CODE_SIGN_IDENTITY = "iPhone Developer";
				COPY_PHASE_STRIP = NO;
				DEBUG_INFORMATION_FORMAT = dwarf;
				ENABLE_STRICT_OBJC_MSGSEND = YES;
				ENABLE_TESTABILITY = YES;
				GCC_C_LANGUAGE_STANDARD = gnu11;
				GCC_DYNAMIC_NO_PIC = NO;
				GCC_NO_COMMON_BLOCKS = YES;
				GCC_OPTIMIZATION_LEVEL = 0;
				GCC_PREPROCESSOR_DEFINITIONS = (
					"DEBUG=1",
					"$(inherited)",
				);
				GCC_WARN_64_TO_32_BIT_CONVERSION = YES;
				GCC_WARN_ABOUT_RETURN_TYPE = YES_ERROR;
				GCC_WARN_UNDECLARED_SELECTOR = YES;
				GCC_WARN_UNINITIALIZED_AUTOS = YES_AGGRESSIVE;
				GCC_WARN_UNUSED_FUNCTION = YES;
				GCC_WARN_UNUSED_VARIABLE = YES;
				IPHONEOS_DEPLOYMENT_TARGET = 11.1;
				MTL_ENABLE_DEBUG_INFO = YES;
				ONLY_ACTIVE_ARCH = YES;
				SDKROOT = iphoneos;
				SWIFT_ACTIVE_COMPILATION_CONDITIONS = DEBUG;
				SWIFT_OPTIMIZATION_LEVEL = "-Onone";
			};
			name = Debug;
		};
		EE1FD16F21F2AE6200396729 /* Release */ = {
			isa = XCBuildConfiguration;
			buildSettings = {
				ALWAYS_SEARCH_USER_PATHS = NO;
				CLANG_ANALYZER_NONNULL = YES;
				CLANG_ANALYZER_NUMBER_OBJECT_CONVERSION = YES_AGGRESSIVE;
				CLANG_CXX_LANGUAGE_STANDARD = "gnu++14";
				CLANG_CXX_LIBRARY = "libc++";
				CLANG_ENABLE_MODULES = YES;
				CLANG_ENABLE_OBJC_ARC = YES;
				CLANG_WARN_BLOCK_CAPTURE_AUTORELEASING = YES;
				CLANG_WARN_BOOL_CONVERSION = YES;
				CLANG_WARN_COMMA = YES;
				CLANG_WARN_CONSTANT_CONVERSION = YES;
				CLANG_WARN_DIRECT_OBJC_ISA_USAGE = YES_ERROR;
				CLANG_WARN_DOCUMENTATION_COMMENTS = YES;
				CLANG_WARN_EMPTY_BODY = YES;
				CLANG_WARN_ENUM_CONVERSION = YES;
				CLANG_WARN_INFINITE_RECURSION = YES;
				CLANG_WARN_INT_CONVERSION = YES;
				CLANG_WARN_NON_LITERAL_NULL_CONVERSION = YES;
				CLANG_WARN_OBJC_LITERAL_CONVERSION = YES;
				CLANG_WARN_OBJC_ROOT_CLASS = YES_ERROR;
				CLANG_WARN_RANGE_LOOP_ANALYSIS = YES;
				CLANG_WARN_STRICT_PROTOTYPES = YES;
				CLANG_WARN_SUSPICIOUS_MOVE = YES;
				CLANG_WARN_UNGUARDED_AVAILABILITY = YES_AGGRESSIVE;
				CLANG_WARN_UNREACHABLE_CODE = YES;
				CLANG_WARN__DUPLICATE_METHOD_MATCH = YES;
				CODE_SIGN_IDENTITY = "iPhone Developer";
				COPY_PHASE_STRIP = NO;
				DEBUG_INFORMATION_FORMAT = "dwarf-with-dsym";
				ENABLE_NS_ASSERTIONS = NO;
				ENABLE_STRICT_OBJC_MSGSEND = YES;
				GCC_C_LANGUAGE_STANDARD = gnu11;
				GCC_NO_COMMON_BLOCKS = YES;
				GCC_WARN_64_TO_32_BIT_CONVERSION = YES;
				GCC_WARN_ABOUT_RETURN_TYPE = YES_ERROR;
				GCC_WARN_UNDECLARED_SELECTOR = YES;
				GCC_WARN_UNINITIALIZED_AUTOS = YES_AGGRESSIVE;
				GCC_WARN_UNUSED_FUNCTION = YES;
				GCC_WARN_UNUSED_VARIABLE = YES;
				IPHONEOS_DEPLOYMENT_TARGET = 11.1;
				MTL_ENABLE_DEBUG_INFO = NO;
				SDKROOT = iphoneos;
				SWIFT_OPTIMIZATION_LEVEL = "-Owholemodule";
				VALIDATE_PRODUCT = YES;
			};
			name = Release;
		};
		EE1FD17121F2AE6200396729 /* Debug */ = {
			isa = XCBuildConfiguration;
			buildSettings = {
				ASSETCATALOG_COMPILER_APPICON_NAME = AppIcon;
				CODE_SIGN_STYLE = Automatic;
				DEVELOPMENT_TEAM = 8LSJUN2G6D;
				INFOPLIST_FILE = WatchNewFeeds/Info.plist;
				LD_RUNPATH_SEARCH_PATHS = "$(inherited) @executable_path/Frameworks";
				PRODUCT_BUNDLE_IDENTIFIER = softv.WatchNewFeeds;
				PRODUCT_NAME = "$(TARGET_NAME)";
				SWIFT_VERSION = 4.0;
				TARGETED_DEVICE_FAMILY = "1,2";
			};
			name = Debug;
		};
		EE1FD17221F2AE6200396729 /* Release */ = {
			isa = XCBuildConfiguration;
			buildSettings = {
				ASSETCATALOG_COMPILER_APPICON_NAME = AppIcon;
				CODE_SIGN_STYLE = Automatic;
				DEVELOPMENT_TEAM = 8LSJUN2G6D;
				INFOPLIST_FILE = WatchNewFeeds/Info.plist;
				LD_RUNPATH_SEARCH_PATHS = "$(inherited) @executable_path/Frameworks";
				PRODUCT_BUNDLE_IDENTIFIER = softv.WatchNewFeeds;
				PRODUCT_NAME = "$(TARGET_NAME)";
				SWIFT_VERSION = 4.0;
				TARGETED_DEVICE_FAMILY = "1,2";
			};
			name = Release;
		};
/* End XCBuildConfiguration section */

/* Begin XCConfigurationList section */
		EE1FD15621F2AE6100396729 /* Build configuration list for PBXProject "WatchNewFeeds" */ = {
			isa = XCConfigurationList;
			buildConfigurations = (
				EE1FD16E21F2AE6200396729 /* Debug */,
				EE1FD16F21F2AE6200396729 /* Release */,
			);
			defaultConfigurationIsVisible = 0;
			defaultConfigurationName = Release;
		};
		EE1FD17021F2AE6200396729 /* Build configuration list for PBXNativeTarget "WatchNewFeeds" */ = {
			isa = XCConfigurationList;
			buildConfigurations = (
				EE1FD17121F2AE6200396729 /* Debug */,
				EE1FD17221F2AE6200396729 /* Release */,
			);
			defaultConfigurationIsVisible = 0;
			defaultConfigurationName = Release;
		};
/* End XCConfigurationList section */

/* Begin XCVersionGroup section */
		EE1FD16521F2AE6200396729 /* WatchNewFeeds.xcdatamodeld */ = {
			isa = XCVersionGroup;
			children = (
				EE1FD16621F2AE6200396729 /* WatchNewFeeds.xcdatamodel */,
			);
			currentVersion = EE1FD16621F2AE6200396729 /* WatchNewFeeds.xcdatamodel */;
			path = WatchNewFeeds.xcdatamodeld;
			sourceTree = "<group>";
			versionGroupType = wrapper.xcdatamodel;
		};
/* End XCVersionGroup section */
	};
	rootObject = EE1FD15321F2AE6100396729 /* Project object */;
}
